
Microsoft Visual Studio Solution File, Format Version 12.00
# Visual Studio 15
VisualStudioVersion = 15.0.27130.2010
MinimumVisualStudioVersion = 10.0.40219.1
Project("{FAE04EC0-301F-11D3-BF4B-00C04F79EFBC}") = "SIPEngine", "SIPEngine\SIPEngine.csproj", "{0B488CBB-D0D8-40C2-84D0-A034F63D6AC1}"
EndProject
Project("{FAE04EC0-301F-11D3-BF4B-00C04F79EFBC}") = "TestConsole", "TestConsole\TestConsole.csproj", "{2053253E-61FB-418F-8183-CD87C4258687}"
EndProject
Project("{FAE04EC0-301F-11D3-BF4B-00C04F79EFBC}") = "SIP_InspectLib", "..\SIP_IOLib\SIP_InspectLib\SIP_InspectLib\SIP_InspectLib.csproj", "{7E3F6E03-5698-497B-A69C-B22E654D82AC}"
EndProject
Project("{FAE04EC0-301F-11D3-BF4B-00C04F79EFBC}") = "ProcModelGenerator", "..\ProcModelGenerator\ProcModelGenerator.csproj", "{23B36BCC-56AD-4BAE-AE92-95985255103B}"
EndProject
Project("{2150E333-8FDC-42A3-9474-1A3956D46DE8}") = "Application", "Application", "{929D7A43-2233-4D75-AA4F-0B736C0C2FB9}"
EndProject
Project("{FAE04EC0-301F-11D3-BF4B-00C04F79EFBC}") = "ImageProcessingClient", "ImageProcessingClient\ImageProcessingClient.csproj", "{F67FA2EC-DECE-4B20-B179-3CF94621E8B6}"
EndProject
Project("{FAE04EC0-301F-11D3-BF4B-00C04F79EFBC}") = "Network_Communication", "..\Network_Communication\Network_Communication\Network_Communication.csproj", "{BA8FE0F0-4E7F-4FBC-9D8F-500A87DECC7C}"
EndProject
Project("{FAE04EC0-301F-11D3-BF4B-00C04F79EFBC}") = "ApplicationUtilTool", "..\ApplicationUtilTool\ApplicationUtilTool\ApplicationUtilTool.csproj", "{6D5C0476-77B4-4636-8B7F-08705EC43857}"
EndProject
Project("{FAE04EC0-301F-11D3-BF4B-00C04F79EFBC}") = "EmguCvExtension", "..\EmguCvExtension\EmguCvExtension\EmguCvExtension.csproj", "{A784FAE0-FF07-4E1A-8138-D9D3B698B951}"
EndProject
Project("{FAE04EC0-301F-11D3-BF4B-00C04F79EFBC}") = "ModelLib", "..\ModelLib\ModelLib\ModelLib.csproj", "{0AA6ABFC-7DC0-484D-B2D4-9AAD902F95ED}"
EndProject
Project("{FAE04EC0-301F-11D3-BF4B-00C04F79EFBC}") = "PLMapping_SIPCore", "..\PLMapping_SIPCore\PLMapping_SIPCore.csproj", "{96CF1341-DD29-4B70-8B9D-4D765A515882}"
EndProject
Global
	GlobalSection(SolutionConfigurationPlatforms) = preSolution
		Debug|Any CPU = Debug|Any CPU
		Debug|x64 = Debug|x64
		Debug|x86 = Debug|x86
		Release|Any CPU = Release|Any CPU
		Release|x64 = Release|x64
		Release|x86 = Release|x86
	EndGlobalSection
	GlobalSection(ProjectConfigurationPlatforms) = postSolution
		{0B488CBB-D0D8-40C2-84D0-A034F63D6AC1}.Debug|Any CPU.ActiveCfg = Debug|Any CPU
		{0B488CBB-D0D8-40C2-84D0-A034F63D6AC1}.Debug|Any CPU.Build.0 = Debug|Any CPU
		{0B488CBB-D0D8-40C2-84D0-A034F63D6AC1}.Debug|x64.ActiveCfg = Debug|x64
		{0B488CBB-D0D8-40C2-84D0-A034F63D6AC1}.Debug|x64.Build.0 = Debug|x64
		{0B488CBB-D0D8-40C2-84D0-A034F63D6AC1}.Debug|x86.ActiveCfg = Debug|Any CPU
		{0B488CBB-D0D8-40C2-84D0-A034F63D6AC1}.Debug|x86.Build.0 = Debug|Any CPU
		{0B488CBB-D0D8-40C2-84D0-A034F63D6AC1}.Release|Any CPU.ActiveCfg = Release|Any CPU
		{0B488CBB-D0D8-40C2-84D0-A034F63D6AC1}.Release|Any CPU.Build.0 = Release|Any CPU
		{0B488CBB-D0D8-40C2-84D0-A034F63D6AC1}.Release|x64.ActiveCfg = Release|x64
		{0B488CBB-D0D8-40C2-84D0-A034F63D6AC1}.Release|x64.Build.0 = Release|x64
		{0B488CBB-D0D8-40C2-84D0-A034F63D6AC1}.Release|x86.ActiveCfg = Release|Any CPU
		{0B488CBB-D0D8-40C2-84D0-A034F63D6AC1}.Release|x86.Build.0 = Release|Any CPU
		{2053253E-61FB-418F-8183-CD87C4258687}.Debug|Any CPU.ActiveCfg = Debug|Any CPU
		{2053253E-61FB-418F-8183-CD87C4258687}.Debug|Any CPU.Build.0 = Debug|Any CPU
		{2053253E-61FB-418F-8183-CD87C4258687}.Debug|x64.ActiveCfg = Debug|x64
		{2053253E-61FB-418F-8183-CD87C4258687}.Debug|x64.Build.0 = Debug|x64
		{2053253E-61FB-418F-8183-CD87C4258687}.Debug|x86.ActiveCfg = Debug|Any CPU
		{2053253E-61FB-418F-8183-CD87C4258687}.Debug|x86.Build.0 = Debug|Any CPU
		{2053253E-61FB-418F-8183-CD87C4258687}.Release|Any CPU.ActiveCfg = Release|Any CPU
		{2053253E-61FB-418F-8183-CD87C4258687}.Release|Any CPU.Build.0 = Release|Any CPU
		{2053253E-61FB-418F-8183-CD87C4258687}.Release|x64.ActiveCfg = Release|x64
		{2053253E-61FB-418F-8183-CD87C4258687}.Release|x64.Build.0 = Release|x64
		{2053253E-61FB-418F-8183-CD87C4258687}.Release|x86.ActiveCfg = Release|Any CPU
		{2053253E-61FB-418F-8183-CD87C4258687}.Release|x86.Build.0 = Release|Any CPU
		{7E3F6E03-5698-497B-A69C-B22E654D82AC}.Debug|Any CPU.ActiveCfg = Debug|Any CPU
		{7E3F6E03-5698-497B-A69C-B22E654D82AC}.Debug|Any CPU.Build.0 = Debug|Any CPU
		{7E3F6E03-5698-497B-A69C-B22E654D82AC}.Debug|x64.ActiveCfg = Debug|x64
		{7E3F6E03-5698-497B-A69C-B22E654D82AC}.Debug|x64.Build.0 = Debug|x64
		{7E3F6E03-5698-497B-A69C-B22E654D82AC}.Debug|x86.ActiveCfg = Debug|Any CPU
		{7E3F6E03-5698-497B-A69C-B22E654D82AC}.Debug|x86.Build.0 = Debug|Any CPU
		{7E3F6E03-5698-497B-A69C-B22E654D82AC}.Release|Any CPU.ActiveCfg = Release|Any CPU
		{7E3F6E03-5698-497B-A69C-B22E654D82AC}.Release|Any CPU.Build.0 = Release|Any CPU
		{7E3F6E03-5698-497B-A69C-B22E654D82AC}.Release|x64.ActiveCfg = Release|x64
		{7E3F6E03-5698-497B-A69C-B22E654D82AC}.Release|x64.Build.0 = Release|x64
		{7E3F6E03-5698-497B-A69C-B22E654D82AC}.Release|x86.ActiveCfg = Release|Any CPU
		{7E3F6E03-5698-497B-A69C-B22E654D82AC}.Release|x86.Build.0 = Release|Any CPU
		{23B36BCC-56AD-4BAE-AE92-95985255103B}.Debug|Any CPU.ActiveCfg = Debug|Any CPU
		{23B36BCC-56AD-4BAE-AE92-95985255103B}.Debug|Any CPU.Build.0 = Debug|Any CPU
		{23B36BCC-56AD-4BAE-AE92-95985255103B}.Debug|x64.ActiveCfg = Debug|x64
		{23B36BCC-56AD-4BAE-AE92-95985255103B}.Debug|x64.Build.0 = Debug|x64
		{23B36BCC-56AD-4BAE-AE92-95985255103B}.Debug|x86.ActiveCfg = Debug|Any CPU
		{23B36BCC-56AD-4BAE-AE92-95985255103B}.Debug|x86.Build.0 = Debug|Any CPU
		{23B36BCC-56AD-4BAE-AE92-95985255103B}.Release|Any CPU.ActiveCfg = Release|Any CPU
		{23B36BCC-56AD-4BAE-AE92-95985255103B}.Release|Any CPU.Build.0 = Release|Any CPU
		{23B36BCC-56AD-4BAE-AE92-95985255103B}.Release|x64.ActiveCfg = Release|Any CPU
		{23B36BCC-56AD-4BAE-AE92-95985255103B}.Release|x64.Build.0 = Release|Any CPU
		{23B36BCC-56AD-4BAE-AE92-95985255103B}.Release|x86.ActiveCfg = Release|Any CPU
		{23B36BCC-56AD-4BAE-AE92-95985255103B}.Release|x86.Build.0 = Release|Any CPU
		{F67FA2EC-DECE-4B20-B179-3CF94621E8B6}.Debug|Any CPU.ActiveCfg = Debug|Any CPU
		{F67FA2EC-DECE-4B20-B179-3CF94621E8B6}.Debug|Any CPU.Build.0 = Debug|Any CPU
		{F67FA2EC-DECE-4B20-B179-3CF94621E8B6}.Debug|x64.ActiveCfg = Debug|x64
		{F67FA2EC-DECE-4B20-B179-3CF94621E8B6}.Debug|x64.Build.0 = Debug|x64
		{F67FA2EC-DECE-4B20-B179-3CF94621E8B6}.Debug|x86.ActiveCfg = Debug|Any CPU
		{F67FA2EC-DECE-4B20-B179-3CF94621E8B6}.Debug|x86.Build.0 = Debug|Any CPU
		{F67FA2EC-DECE-4B20-B179-3CF94621E8B6}.Release|Any CPU.ActiveCfg = Release|Any CPU
		{F67FA2EC-DECE-4B20-B179-3CF94621E8B6}.Release|Any CPU.Build.0 = Release|Any CPU
		{F67FA2EC-DECE-4B20-B179-3CF94621E8B6}.Release|x64.ActiveCfg = Release|Any CPU
		{F67FA2EC-DECE-4B20-B179-3CF94621E8B6}.Release|x64.Build.0 = Release|Any CPU
		{F67FA2EC-DECE-4B20-B179-3CF94621E8B6}.Release|x86.ActiveCfg = Release|Any CPU
		{F67FA2EC-DECE-4B20-B179-3CF94621E8B6}.Release|x86.Build.0 = Release|Any CPU
		{BA8FE0F0-4E7F-4FBC-9D8F-500A87DECC7C}.Debug|Any CPU.ActiveCfg = Debug|Any CPU
		{BA8FE0F0-4E7F-4FBC-9D8F-500A87DECC7C}.Debug|Any CPU.Build.0 = Debug|Any CPU
		{BA8FE0F0-4E7F-4FBC-9D8F-500A87DECC7C}.Debug|x64.ActiveCfg = Debug|x64
		{BA8FE0F0-4E7F-4FBC-9D8F-500A87DECC7C}.Debug|x64.Build.0 = Debug|x64
		{BA8FE0F0-4E7F-4FBC-9D8F-500A87DECC7C}.Debug|x86.ActiveCfg = Debug|Any CPU
		{BA8FE0F0-4E7F-4FBC-9D8F-500A87DECC7C}.Debug|x86.Build.0 = Debug|Any CPU
		{BA8FE0F0-4E7F-4FBC-9D8F-500A87DECC7C}.Release|Any CPU.ActiveCfg = Release|Any CPU
		{BA8FE0F0-4E7F-4FBC-9D8F-500A87DECC7C}.Release|Any CPU.Build.0 = Release|Any CPU
		{BA8FE0F0-4E7F-4FBC-9D8F-500A87DECC7C}.Release|x64.ActiveCfg = Release|x64
		{BA8FE0F0-4E7F-4FBC-9D8F-500A87DECC7C}.Release|x64.Build.0 = Release|x64
		{BA8FE0F0-4E7F-4FBC-9D8F-500A87DECC7C}.Release|x86.ActiveCfg = Release|Any CPU
		{BA8FE0F0-4E7F-4FBC-9D8F-500A87DECC7C}.Release|x86.Build.0 = Release|Any CPU
		{6D5C0476-77B4-4636-8B7F-08705EC43857}.Debug|Any CPU.ActiveCfg = Debug|Any CPU
		{6D5C0476-77B4-4636-8B7F-08705EC43857}.Debug|Any CPU.Build.0 = Debug|Any CPU
		{6D5C0476-77B4-4636-8B7F-08705EC43857}.Debug|x64.ActiveCfg = Debug|x64
		{6D5C0476-77B4-4636-8B7F-08705EC43857}.Debug|x64.Build.0 = Debug|x64
		{6D5C0476-77B4-4636-8B7F-08705EC43857}.Debug|x86.ActiveCfg = Debug|Any CPU
		{6D5C0476-77B4-4636-8B7F-08705EC43857}.Debug|x86.Build.0 = Debug|Any CPU
		{6D5C0476-77B4-4636-8B7F-08705EC43857}.Release|Any CPU.ActiveCfg = Release|Any CPU
		{6D5C0476-77B4-4636-8B7F-08705EC43857}.Release|Any CPU.Build.0 = Release|Any CPU
		{6D5C0476-77B4-4636-8B7F-08705EC43857}.Release|x64.ActiveCfg = Release|x64
		{6D5C0476-77B4-4636-8B7F-08705EC43857}.Release|x64.Build.0 = Release|x64
		{6D5C0476-77B4-4636-8B7F-08705EC43857}.Release|x86.ActiveCfg = Release|Any CPU
		{6D5C0476-77B4-4636-8B7F-08705EC43857}.Release|x86.Build.0 = Release|Any CPU
		{A784FAE0-FF07-4E1A-8138-D9D3B698B951}.Debug|Any CPU.ActiveCfg = Debug|Any CPU
		{A784FAE0-FF07-4E1A-8138-D9D3B698B951}.Debug|Any CPU.Build.0 = Debug|Any CPU
		{A784FAE0-FF07-4E1A-8138-D9D3B698B951}.Debug|x64.ActiveCfg = Debug|x64
		{A784FAE0-FF07-4E1A-8138-D9D3B698B951}.Debug|x64.Build.0 = Debug|x64
		{A784FAE0-FF07-4E1A-8138-D9D3B698B951}.Debug|x86.ActiveCfg = Debug|Any CPU
		{A784FAE0-FF07-4E1A-8138-D9D3B698B951}.Debug|x86.Build.0 = Debug|Any CPU
		{A784FAE0-FF07-4E1A-8138-D9D3B698B951}.Release|Any CPU.ActiveCfg = Release|Any CPU
		{A784FAE0-FF07-4E1A-8138-D9D3B698B951}.Release|Any CPU.Build.0 = Release|Any CPU
		{A784FAE0-FF07-4E1A-8138-D9D3B698B951}.Release|x64.ActiveCfg = Release|x64
		{A784FAE0-FF07-4E1A-8138-D9D3B698B951}.Release|x64.Build.0 = Release|x64
		{A784FAE0-FF07-4E1A-8138-D9D3B698B951}.Release|x86.ActiveCfg = Release|Any CPU
		{A784FAE0-FF07-4E1A-8138-D9D3B698B951}.Release|x86.Build.0 = Release|Any CPU
		{0AA6ABFC-7DC0-484D-B2D4-9AAD902F95ED}.Debug|Any CPU.ActiveCfg = Debug|Any CPU
		{0AA6ABFC-7DC0-484D-B2D4-9AAD902F95ED}.Debug|Any CPU.Build.0 = Debug|Any CPU
		{0AA6ABFC-7DC0-484D-B2D4-9AAD902F95ED}.Debug|x64.ActiveCfg = Debug|x64
		{0AA6ABFC-7DC0-484D-B2D4-9AAD902F95ED}.Debug|x64.Build.0 = Debug|x64
		{0AA6ABFC-7DC0-484D-B2D4-9AAD902F95ED}.Debug|x86.ActiveCfg = Debug|Any CPU
		{0AA6ABFC-7DC0-484D-B2D4-9AAD902F95ED}.Debug|x86.Build.0 = Debug|Any CPU
		{0AA6ABFC-7DC0-484D-B2D4-9AAD902F95ED}.Release|Any CPU.ActiveCfg = Release|Any CPU
		{0AA6ABFC-7DC0-484D-B2D4-9AAD902F95ED}.Release|Any CPU.Build.0 = Release|Any CPU
		{0AA6ABFC-7DC0-484D-B2D4-9AAD902F95ED}.Release|x64.ActiveCfg = Release|x64
		{0AA6ABFC-7DC0-484D-B2D4-9AAD902F95ED}.Release|x64.Build.0 = Release|x64
		{0AA6ABFC-7DC0-484D-B2D4-9AAD902F95ED}.Release|x86.ActiveCfg = Release|Any CPU
		{0AA6ABFC-7DC0-484D-B2D4-9AAD902F95ED}.Release|x86.Build.0 = Release|Any CPU
		{96CF1341-DD29-4B70-8B9D-4D765A515882}.Debug|Any CPU.ActiveCfg = Debug|Any CPU
		{96CF1341-DD29-4B70-8B9D-4D765A515882}.Debug|Any CPU.Build.0 = Debug|Any CPU
		{96CF1341-DD29-4B70-8B9D-4D765A515882}.Debug|x64.ActiveCfg = Debug|x64
		{96CF1341-DD29-4B70-8B9D-4D765A515882}.Debug|x64.Build.0 = Debug|x64
		{96CF1341-DD29-4B70-8B9D-4D765A515882}.Debug|x86.ActiveCfg = Debug|x86
		{96CF1341-DD29-4B70-8B9D-4D765A515882}.Debug|x86.Build.0 = Debug|x86
		{96CF1341-DD29-4B70-8B9D-4D765A515882}.Release|Any CPU.ActiveCfg = Release|Any CPU
		{96CF1341-DD29-4B70-8B9D-4D765A515882}.Release|Any CPU.Build.0 = Release|Any CPU
		{96CF1341-DD29-4B70-8B9D-4D765A515882}.Release|x64.ActiveCfg = Release|x64
		{96CF1341-DD29-4B70-8B9D-4D765A515882}.Release|x64.Build.0 = Release|x64
		{96CF1341-DD29-4B70-8B9D-4D765A515882}.Release|x86.ActiveCfg = Release|x86
		{96CF1341-DD29-4B70-8B9D-4D765A515882}.Release|x86.Build.0 = Release|x86
	EndGlobalSection
	GlobalSection(SolutionProperties) = preSolution
		HideSolutionNode = FALSE
	EndGlobalSection
	GlobalSection(NestedProjects) = preSolution
		{F67FA2EC-DECE-4B20-B179-3CF94621E8B6} = {929D7A43-2233-4D75-AA4F-0B736C0C2FB9}
	EndGlobalSection
	GlobalSection(ExtensibilityGlobals) = postSolution
		SolutionGuid = {3A323466-97C7-4F9E-80A9-FCBFE7124355}
	EndGlobalSection
EndGlobal
